
Microsoft Visual Studio Solution File, Format Version 12.00
# Visual Studio Version 17
VisualStudioVersion = 17.14.36930.0
MinimumVisualStudioVersion = 10.0.40219.1
Project("{FAE04EC0-301F-11D3-BF4B-00C04F79EFBC}") = "WarrantyRepairCenter", "WarrantyRepairCenter\WarrantyRepairCenter.csproj", "{AF1D319D-58B9-447F-8ABC-60AFBFC654DD}"
EndProject
Global
	GlobalSection(SolutionConfigurationPlatforms) = preSolution
		Debug|Any CPU = Debug|Any CPU
		Release|Any CPU = Release|Any CPU
	EndGlobalSection
	GlobalSection(ProjectConfigurationPlatforms) = postSolution
		{AF1D319D-58B9-447F-8ABC-60AFBFC654DD}.Debug|Any CPU.ActiveCfg = Debug|Any CPU
		{AF1D319D-58B9-447F-8ABC-60AFBFC654DD}.Debug|Any CPU.Build.0 = Debug|Any CPU
		{AF1D319D-58B9-447F-8ABC-60AFBFC654DD}.Release|Any CPU.ActiveCfg = Release|Any CPU
		{AF1D319D-58B9-447F-8ABC-60AFBFC654DD}.Release|Any CPU.Build.0 = Release|Any CPU
	EndGlobalSection
	GlobalSection(SolutionProperties) = preSolution
		HideSolutionNode = FALSE
	EndGlobalSection
	GlobalSection(ExtensibilityGlobals) = postSolution
		SolutionGuid = {E81B3DFA-B938-4BD1-A762-41973D439DFC}
	EndGlobalSection
EndGlobal
